
Microsoft Visual Studio Solution File, Format Version 12.00
# Visual Studio Version 16
VisualStudioVersion = 16.0.28714.193
MinimumVisualStudioVersion = 10.0.40219.1
Project("{2150E333-8FDC-42A3-9474-1A3956D46DE8}") = "src", "src", "{15A55F4A-FC33-4D96-BAAD-FBDCDD96D5F5}"
EndProject
Project("{2150E333-8FDC-42A3-9474-1A3956D46DE8}") = "Solution Items", "Solution Items", "{FA1B4021-0A97-4F68-B966-148191F6AAA8}"
	ProjectSection(SolutionItems) = preProject
		.gitignore = .gitignore
		CONTRIBUTING.md = CONTRIBUTING.md
		src\Directory.Build.props = src\Directory.Build.props
		README.md = README.md
	EndProjectSection
	ProjectSection(FolderGlobals) = preProject
		global_1json__JSONSchema = http://json.schemastore.org/global
	EndProjectSection
EndProject
Project("{9A19103F-16F7-4668-BE54-9A1E7A4F7556}") = "Swashbuckle.AspNetCore.Cli", "src\Swashbuckle.AspNetCore.Cli\Swashbuckle.AspNetCore.Cli.csproj", "{3164424E-D74A-45CD-BE17-BE33ED79C090}"
EndProject
Project("{2150E333-8FDC-42A3-9474-1A3956D46DE8}") = "Tests", "Tests", "{632CC6AB-59FE-4680-B4DB-3B7CD16BB347}"
EndProject
Project("{9A19103F-16F7-4668-BE54-9A1E7A4F7556}") = "Swashbuckle.AspNetCore.Cli.Test", "test\Swashbuckle.AspNetCore.Cli.Test\Swashbuckle.AspNetCore.Cli.Test.csproj", "{16C3AB80-381A-45E1-8675-6592F53D8A5E}"
EndProject
Project("{2150E333-8FDC-42A3-9474-1A3956D46DE8}") = "WebSites", "WebSites", "{38889676-5DA7-493F-B3A1-ED1687FFF551}"
EndProject
Project("{9A19103F-16F7-4668-BE54-9A1E7A4F7556}") = "CliExample", "test\WebSites\CliExample\CliExample.csproj", "{2A951D04-791D-412A-B236-FE9028D1D886}"
EndProject
Project("{9A19103F-16F7-4668-BE54-9A1E7A4F7556}") = "CliExampleWithFactory", "test\WebSites\CliExampleWithFactory\CliExampleWithFactory.csproj", "{94F2603B-A329-4BE4-B82F-FFAB982E26FE}"
EndProject
Global
	GlobalSection(SolutionConfigurationPlatforms) = preSolution
		Debug|Any CPU = Debug|Any CPU
		Debug|x64 = Debug|x64
		Debug|x86 = Debug|x86
		Release|Any CPU = Release|Any CPU
		Release|x64 = Release|x64
		Release|x86 = Release|x86
	EndGlobalSection
	GlobalSection(ProjectConfigurationPlatforms) = postSolution
		{3164424E-D74A-45CD-BE17-BE33ED79C090}.Debug|Any CPU.ActiveCfg = Debug|Any CPU
		{3164424E-D74A-45CD-BE17-BE33ED79C090}.Debug|Any CPU.Build.0 = Debug|Any CPU
		{3164424E-D74A-45CD-BE17-BE33ED79C090}.Debug|x64.ActiveCfg = Debug|Any CPU
		{3164424E-D74A-45CD-BE17-BE33ED79C090}.Debug|x64.Build.0 = Debug|Any CPU
		{3164424E-D74A-45CD-BE17-BE33ED79C090}.Debug|x86.ActiveCfg = Debug|Any CPU
		{3164424E-D74A-45CD-BE17-BE33ED79C090}.Debug|x86.Build.0 = Debug|Any CPU
		{3164424E-D74A-45CD-BE17-BE33ED79C090}.Release|Any CPU.ActiveCfg = Release|Any CPU
		{3164424E-D74A-45CD-BE17-BE33ED79C090}.Release|Any CPU.Build.0 = Release|Any CPU
		{3164424E-D74A-45CD-BE17-BE33ED79C090}.Release|x64.ActiveCfg = Release|Any CPU
		{3164424E-D74A-45CD-BE17-BE33ED79C090}.Release|x64.Build.0 = Release|Any CPU
		{3164424E-D74A-45CD-BE17-BE33ED79C090}.Release|x86.ActiveCfg = Release|Any CPU
		{3164424E-D74A-45CD-BE17-BE33ED79C090}.Release|x86.Build.0 = Release|Any CPU
		{16C3AB80-381A-45E1-8675-6592F53D8A5E}.Debug|Any CPU.ActiveCfg = Debug|Any CPU
		{16C3AB80-381A-45E1-8675-6592F53D8A5E}.Debug|Any CPU.Build.0 = Debug|Any CPU
		{16C3AB80-381A-45E1-8675-6592F53D8A5E}.Debug|x64.ActiveCfg = Debug|Any CPU
		{16C3AB80-381A-45E1-8675-6592F53D8A5E}.Debug|x64.Build.0 = Debug|Any CPU
		{16C3AB80-381A-45E1-8675-6592F53D8A5E}.Debug|x86.ActiveCfg = Debug|Any CPU
		{16C3AB80-381A-45E1-8675-6592F53D8A5E}.Debug|x86.Build.0 = Debug|Any CPU
		{16C3AB80-381A-45E1-8675-6592F53D8A5E}.Release|Any CPU.ActiveCfg = Release|Any CPU
		{16C3AB80-381A-45E1-8675-6592F53D8A5E}.Release|Any CPU.Build.0 = Release|Any CPU
		{16C3AB80-381A-45E1-8675-6592F53D8A5E}.Release|x64.ActiveCfg = Release|Any CPU
		{16C3AB80-381A-45E1-8675-6592F53D8A5E}.Release|x64.Build.0 = Release|Any CPU
		{16C3AB80-381A-45E1-8675-6592F53D8A5E}.Release|x86.ActiveCfg = Release|Any CPU
		{16C3AB80-381A-45E1-8675-6592F53D8A5E}.Release|x86.Build.0 = Release|Any CPU
		{2A951D04-791D-412A-B236-FE9028D1D886}.Debug|Any CPU.ActiveCfg = Debug|Any CPU
		{2A951D04-791D-412A-B236-FE9028D1D886}.Debug|Any CPU.Build.0 = Debug|Any CPU
		{2A951D04-791D-412A-B236-FE9028D1D886}.Debug|x64.ActiveCfg = Debug|Any CPU
		{2A951D04-791D-412A-B236-FE9028D1D886}.Debug|x64.Build.0 = Debug|Any CPU
		{2A951D04-791D-412A-B236-FE9028D1D886}.Debug|x86.ActiveCfg = Debug|Any CPU
		{2A951D04-791D-412A-B236-FE9028D1D886}.Debug|x86.Build.0 = Debug|Any CPU
		{2A951D04-791D-412A-B236-FE9028D1D886}.Release|Any CPU.ActiveCfg = Release|Any CPU
		{2A951D04-791D-412A-B236-FE9028D1D886}.Release|Any CPU.Build.0 = Release|Any CPU
		{2A951D04-791D-412A-B236-FE9028D1D886}.Release|x64.ActiveCfg = Release|Any CPU
		{2A951D04-791D-412A-B236-FE9028D1D886}.Release|x64.Build.0 = Release|Any CPU
		{2A951D04-791D-412A-B236-FE9028D1D886}.Release|x86.ActiveCfg = Release|Any CPU
		{2A951D04-791D-412A-B236-FE9028D1D886}.Release|x86.Build.0 = Release|Any CPU
		{94F2603B-A329-4BE4-B82F-FFAB982E26FE}.Debug|Any CPU.ActiveCfg = Debug|Any CPU
		{94F2603B-A329-4BE4-B82F-FFAB982E26FE}.Debug|Any CPU.Build.0 = Debug|Any CPU
		{94F2603B-A329-4BE4-B82F-FFAB982E26FE}.Debug|x64.ActiveCfg = Debug|Any CPU
		{94F2603B-A329-4BE4-B82F-FFAB982E26FE}.Debug|x64.Build.0 = Debug|Any CPU
		{94F2603B-A329-4BE4-B82F-FFAB982E26FE}.Debug|x86.ActiveCfg = Debug|Any CPU
		{94F2603B-A329-4BE4-B82F-FFAB982E26FE}.Debug|x86.Build.0 = Debug|Any CPU
		{94F2603B-A329-4BE4-B82F-FFAB982E26FE}.Release|Any CPU.ActiveCfg = Release|Any CPU
		{94F2603B-A329-4BE4-B82F-FFAB982E26FE}.Release|Any CPU.Build.0 = Release|Any CPU
		{94F2603B-A329-4BE4-B82F-FFAB982E26FE}.Release|x64.ActiveCfg = Release|Any CPU
		{94F2603B-A329-4BE4-B82F-FFAB982E26FE}.Release|x64.Build.0 = Release|Any CPU
		{94F2603B-A329-4BE4-B82F-FFAB982E26FE}.Release|x86.ActiveCfg = Release|Any CPU
		{94F2603B-A329-4BE4-B82F-FFAB982E26FE}.Release|x86.Build.0 = Release|Any CPU
	EndGlobalSection
	GlobalSection(SolutionProperties) = preSolution
		HideSolutionNode = FALSE
	EndGlobalSection
	GlobalSection(NestedProjects) = preSolution
		{3164424E-D74A-45CD-BE17-BE33ED79C090} = {15A55F4A-FC33-4D96-BAAD-FBDCDD96D5F5}
		{16C3AB80-381A-45E1-8675-6592F53D8A5E} = {632CC6AB-59FE-4680-B4DB-3B7CD16BB347}
		{38889676-5DA7-493F-B3A1-ED1687FFF551} = {632CC6AB-59FE-4680-B4DB-3B7CD16BB347}
		{2A951D04-791D-412A-B236-FE9028D1D886} = {38889676-5DA7-493F-B3A1-ED1687FFF551}
		{94F2603B-A329-4BE4-B82F-FFAB982E26FE} = {38889676-5DA7-493F-B3A1-ED1687FFF551}
	EndGlobalSection
	GlobalSection(ExtensibilityGlobals) = postSolution
		SolutionGuid = {36FC6A67-247D-4149-8EDD-79FFD1A75F51}
	EndGlobalSection
EndGlobal
